github.com/jjane-ta/golang_repo_with_versions/lib1 v1.0.0 h1:fNXCj+Dqmkw85vMFtG/ws9F6wuz62FtsVAeWEdAJDPM=
github.com/jjane-ta/golang_repo_with_versions/lib1 v1.0.0/go.mod h1:FmzDZQobDEgYObaF5tzaYRRs3UnY+ONwREOWaDYniFE=
github.com/jjane-ta/golang_repo_with_versions/lib2 v1.0.0 h1:SQ6Ghq6cdAPzV0Nr+0fNmvhflrZEG3Hec1FgaE/k2Qo=
github.com/jjane-ta/golang_repo_with_versions/lib2 v1.0.0/go.mod h1:faUspHKGwqJN3x/jcOTLIdwvsA3f/thwsScfO+k0j/o=
